
Microsoft Visual Studio Solution File, Format Version 12.00
# Visual Studio 2012
Project("{FAE04EC0-301F-11D3-BF4B-00C04F79EFBC}") = "481Project", "481Project\481Project.csproj", "{6f84b277-f2e0-40d6-901b-d33109c9c204}"
EndProject
Global
	GlobalSection(SolutionConfigurationPlatforms) = preSolution
		Debug|Any CPU = Debug|Any CPU
		Release|Any CPU = Release|Any CPU
	EndGlobalSection
	GlobalSection(ProjectConfigurationPlatforms) = postSolution
		{6F84B277-F2E0-40D6-901B-D33109C9C204}.Debug|Any CPU.ActiveCfg = Debug|Any CPU
		{6F84B277-F2E0-40D6-901B-D33109C9C204}.Debug|Any CPU.Build.0 = Debug|Any CPU
		{6F84B277-F2E0-40D6-901B-D33109C9C204}.Release|Any CPU.ActiveCfg = Release|Any CPU
		{6F84B277-F2E0-40D6-901B-D33109C9C204}.Release|Any CPU.Build.0 = Release|Any CPU
	EndGlobalSection
EndGlobal
